# This file is automatically @generated by Cargo.
# It is not intended for manual editing.
version = 4

[[package]]
name = "agent-sandbox-proxy"
version = "0.1.0"
dependencies = [
 "ipnet",
]

[[package]]
name = "ipnet"
version = "2.12.1"
source = "registry+https://github.com/rust-lang/crates.io-index"
checksum = "6a756c3fac73139e83f14c2d742155dd2b78d3ee56597b419a0579b7bdd6dd78"
